
Microsoft Visual Studio Solution File, Format Version 12.00
# Visual Studio 2013
VisualStudioVersion = 12.0.30110.0
MinimumVisualStudioVersion = 10.0.40219.1
Project("{FAE04EC0-301F-11D3-BF4B-00C04F79EFBC}") = "TierSponsors_Service", "TierSponsors_Service\TierSponsors_Service.csproj", "{05CBA9DA-F09F-4D27-B7E5-4EF3DF2BE05F}"
EndProject
Project("{FAE04EC0-301F-11D3-BF4B-00C04F79EFBC}") = "TierSponsors_Console", "TierSponsors_Console\TierSponsors_Console.csproj", "{3FB2D2B8-D984-4ABE-BE0F-F0CD24674FD8}"
	ProjectSection(ProjectDependencies) = postProject
		{05CBA9DA-F09F-4D27-B7E5-4EF3DF2BE05F} = {05CBA9DA-F09F-4D27-B7E5-4EF3DF2BE05F}
	EndProjectSection
EndProject
Project("{2150E333-8FDC-42A3-9474-1A3956D46DE8}") = "Tools", "Tools", "{BD2DE6B8-3991-4CD4-BF36-270FE39FFE63}"
EndProject
Project("{FAE04EC0-301F-11D3-BF4B-00C04F79EFBC}") = "TierSponsors_MigrateDB", "Tools\TierSponsors_MigrateDB\TierSponsors_MigrateDB.csproj", "{5DE1FD2F-097F-4113-92D5-3E58AD951688}"
EndProject
Project("{FAE04EC0-301F-11D3-BF4B-00C04F79EFBC}") = "TierSponsors_ParserUKBA", "Tools\TierSponsors_ParserUKBA\TierSponsors_ParserUKBA.csproj", "{DB22B339-E228-4FED-88D7-35E2CA1C2F67}"
EndProject
Project("{FAE04EC0-301F-11D3-BF4B-00C04F79EFBC}") = "TierSponsors_EditDB", "Tools\TierSponsors_EditDB\TierSponsors_EditDB.csproj", "{B262650C-FEC8-4FB2-84AE-30E3B221A307}"
	ProjectSection(ProjectDependencies) = postProject
		{8E2B3162-7AE6-49D0-AC93-A59939E8AD6C} = {8E2B3162-7AE6-49D0-AC93-A59939E8AD6C}
	EndProjectSection
EndProject
Project("{FAE04EC0-301F-11D3-BF4B-00C04F79EFBC}") = "TierSponsors_EditDB.Web", "Tools\TierSponsors_EditDB.Web\TierSponsors_EditDB.Web.csproj", "{8E2B3162-7AE6-49D0-AC93-A59939E8AD6C}"
EndProject
Project("{FAE04EC0-301F-11D3-BF4B-00C04F79EFBC}") = "TierSponsors_Web", "TierSponsors_Web\TierSponsors_Web.csproj", "{1D176B03-9BFA-440A-A35F-5DFF517A8607}"
EndProject
Global
	GlobalSection(SolutionConfigurationPlatforms) = preSolution
		Debug|Any CPU = Debug|Any CPU
		Release|Any CPU = Release|Any CPU
	EndGlobalSection
	GlobalSection(ProjectConfigurationPlatforms) = postSolution
		{05CBA9DA-F09F-4D27-B7E5-4EF3DF2BE05F}.Debug|Any CPU.ActiveCfg = Debug|Any CPU
		{05CBA9DA-F09F-4D27-B7E5-4EF3DF2BE05F}.Debug|Any CPU.Build.0 = Debug|Any CPU
		{05CBA9DA-F09F-4D27-B7E5-4EF3DF2BE05F}.Release|Any CPU.ActiveCfg = Release|Any CPU
		{05CBA9DA-F09F-4D27-B7E5-4EF3DF2BE05F}.Release|Any CPU.Build.0 = Release|Any CPU
		{3FB2D2B8-D984-4ABE-BE0F-F0CD24674FD8}.Debug|Any CPU.ActiveCfg = Debug|Any CPU
		{3FB2D2B8-D984-4ABE-BE0F-F0CD24674FD8}.Debug|Any CPU.Build.0 = Debug|Any CPU
		{3FB2D2B8-D984-4ABE-BE0F-F0CD24674FD8}.Release|Any CPU.ActiveCfg = Release|Any CPU
		{3FB2D2B8-D984-4ABE-BE0F-F0CD24674FD8}.Release|Any CPU.Build.0 = Release|Any CPU
		{5DE1FD2F-097F-4113-92D5-3E58AD951688}.Debug|Any CPU.ActiveCfg = Debug|Any CPU
		{5DE1FD2F-097F-4113-92D5-3E58AD951688}.Debug|Any CPU.Build.0 = Debug|Any CPU
		{5DE1FD2F-097F-4113-92D5-3E58AD951688}.Release|Any CPU.ActiveCfg = Release|Any CPU
		{5DE1FD2F-097F-4113-92D5-3E58AD951688}.Release|Any CPU.Build.0 = Release|Any CPU
		{DB22B339-E228-4FED-88D7-35E2CA1C2F67}.Debug|Any CPU.ActiveCfg = Debug|Any CPU
		{DB22B339-E228-4FED-88D7-35E2CA1C2F67}.Debug|Any CPU.Build.0 = Debug|Any CPU
		{DB22B339-E228-4FED-88D7-35E2CA1C2F67}.Release|Any CPU.ActiveCfg = Release|Any CPU
		{DB22B339-E228-4FED-88D7-35E2CA1C2F67}.Release|Any CPU.Build.0 = Release|Any CPU
		{B262650C-FEC8-4FB2-84AE-30E3B221A307}.Debug|Any CPU.ActiveCfg = Debug|Any CPU
		{B262650C-FEC8-4FB2-84AE-30E3B221A307}.Debug|Any CPU.Build.0 = Debug|Any CPU
		{B262650C-FEC8-4FB2-84AE-30E3B221A307}.Release|Any CPU.ActiveCfg = Release|Any CPU
		{B262650C-FEC8-4FB2-84AE-30E3B221A307}.Release|Any CPU.Build.0 = Release|Any CPU
		{8E2B3162-7AE6-49D0-AC93-A59939E8AD6C}.Debug|Any CPU.ActiveCfg = Debug|Any CPU
		{8E2B3162-7AE6-49D0-AC93-A59939E8AD6C}.Debug|Any CPU.Build.0 = Debug|Any CPU
		{8E2B3162-7AE6-49D0-AC93-A59939E8AD6C}.Release|Any CPU.ActiveCfg = Release|Any CPU
		{8E2B3162-7AE6-49D0-AC93-A59939E8AD6C}.Release|Any CPU.Build.0 = Release|Any CPU
		{1D176B03-9BFA-440A-A35F-5DFF517A8607}.Debug|Any CPU.ActiveCfg = Debug|Any CPU
		{1D176B03-9BFA-440A-A35F-5DFF517A8607}.Debug|Any CPU.Build.0 = Debug|Any CPU
		{1D176B03-9BFA-440A-A35F-5DFF517A8607}.Release|Any CPU.ActiveCfg = Release|Any CPU
		{1D176B03-9BFA-440A-A35F-5DFF517A8607}.Release|Any CPU.Build.0 = Release|Any CPU
	EndGlobalSection
	GlobalSection(SolutionProperties) = preSolution
		HideSolutionNode = FALSE
	EndGlobalSection
	GlobalSection(NestedProjects) = preSolution
		{5DE1FD2F-097F-4113-92D5-3E58AD951688} = {BD2DE6B8-3991-4CD4-BF36-270FE39FFE63}
		{DB22B339-E228-4FED-88D7-35E2CA1C2F67} = {BD2DE6B8-3991-4CD4-BF36-270FE39FFE63}
		{B262650C-FEC8-4FB2-84AE-30E3B221A307} = {BD2DE6B8-3991-4CD4-BF36-270FE39FFE63}
		{8E2B3162-7AE6-49D0-AC93-A59939E8AD6C} = {BD2DE6B8-3991-4CD4-BF36-270FE39FFE63}
	EndGlobalSection
EndGlobal
